
Microsoft Visual Studio Solution File, Format Version 12.00
# Visual Studio Version 17
VisualStudioVersion = 17.1.32210.238
MinimumVisualStudioVersion = 10.0.40219.1
Project("{9A19103F-16F7-4668-BE54-9A1E7A4F7556}") = "Notely-App", "Notely-App\Notely-App.csproj", "{5ED2ED66-B7F0-48D9-8937-08B82419ABE4}"
EndProject
Global
	GlobalSection(SolutionConfigurationPlatforms) = preSolution
		Debug|Any CPU = Debug|Any CPU
		Release|Any CPU = Release|Any CPU
	EndGlobalSection
	GlobalSection(ProjectConfigurationPlatforms) = postSolution
		{5ED2ED66-B7F0-48D9-8937-08B82419ABE4}.Debug|Any CPU.ActiveCfg = Debug|Any CPU
		{5ED2ED66-B7F0-48D9-8937-08B82419ABE4}.Debug|Any CPU.Build.0 = Debug|Any CPU
		{5ED2ED66-B7F0-48D9-8937-08B82419ABE4}.Release|Any CPU.ActiveCfg = Release|Any CPU
		{5ED2ED66-B7F0-48D9-8937-08B82419ABE4}.Release|Any CPU.Build.0 = Release|Any CPU
	EndGlobalSection
	GlobalSection(SolutionProperties) = preSolution
		HideSolutionNode = FALSE
	EndGlobalSection
	GlobalSection(ExtensibilityGlobals) = postSolution
		SolutionGuid = {B9F8C1DC-D437-4BF1-BFC8-C1FE4CEB2F56}
	EndGlobalSection
EndGlobal
